Microsoft Visual Studio Solution File, Format Version 12.00
# Visual Studio 15
VisualStudioVersion = 15.0.27110.0
MinimumVisualStudioVersion = 10.0.40219.1
Project("{2150E333-8FDC-42A3-9474-1A3956D46DE8}") = "tests", "tests", "{67E68591-4872-4561-91D4-4C8F5D084573}"
EndProject
Project("{2150E333-8FDC-42A3-9474-1A3956D46DE8}") = "src", "src", "{C2F6E529-3EFA-4447-BF83-77D579354EFF}"
EndProject
Project("{2150E333-8FDC-42A3-9474-1A3956D46DE8}") = "samples", "samples", "{F0E38538-DEF3-4670-909B-996DC844D400}"
EndProject
Project("{9A19103F-16F7-4668-BE54-9A1E7A4F7556}") = "Steam.Common", "src\Steam.Common\Steam.Common.csproj", "{CF418B3F-37B7-45EF-BC43-1ADF41C1433F}"
EndProject
Project("{9A19103F-16F7-4668-BE54-9A1E7A4F7556}") = "Steam.KeyValues", "src\Steam.KeyValues\Steam.KeyValues.csproj", "{7B7C5133-A439-4AB4-94B3-FC45D29BD826}"
EndProject
Project("{9A19103F-16F7-4668-BE54-9A1E7A4F7556}") = "Steam.Rest", "src\Steam.Rest\Steam.Rest.csproj", "{3E0B88D7-07F2-4D86-8A0C-E70C59F56290}"
EndProject
Project("{9A19103F-16F7-4668-BE54-9A1E7A4F7556}") = "Steam.Web", "src\Steam.Web\Steam.Web.csproj", "{BE4474E6-116D-4CD5-B6A9-8486631080D6}"
EndProject
Project("{9A19103F-16F7-4668-BE54-9A1E7A4F7556}") = "Steam.Net", "src\Steam.Net\Steam.Net.csproj", "{F7F574D9-2BF0-4D36-8210-726F69A08085}"
EndProject
Project("{2150E333-8FDC-42A3-9474-1A3956D46DE8}") = "tools", "tools", "{B9DE4D3B-A358-4AA4-938F-C86E117262DD}"
	ProjectSection(SolutionItems) = preProject
		tools\common.props = tools\common.props
	EndProjectSection
EndProject
Project("{2150E333-8FDC-42A3-9474-1A3956D46DE8}") = "sandbox", "sandbox", "{BA379C34-37EF-4BF1-B602-DB98E6DC6145}"
EndProject
Project("{9A19103F-16F7-4668-BE54-9A1E7A4F7556}") = "Steam.Sandbox", "sandbox\Steam.Sandbox\Steam.Sandbox.csproj", "{23A96C99-4DD1-4CE7-ADB4-4146E13C5BF1}"
EndProject
Project("{9A19103F-16F7-4668-BE54-9A1E7A4F7556}") = "Steam.Common.Tests", "tests\Steam.Common.Tests\Steam.Common.Tests.csproj", "{4A8A058E-1147-44BF-8EF9-EC48854F97BE}"
EndProject
Project("{9A19103F-16F7-4668-BE54-9A1E7A4F7556}") = "Steam.KeyValues.Tests", "tests\Steam.KeyValues.Tests\Steam.KeyValues.Tests.csproj", "{C089B0D9-B938-4376-B7A4-E1B3BF7D39CD}"
EndProject
Project("{2150E333-8FDC-42A3-9474-1A3956D46DE8}") = "fsharp", "fsharp", "{817BCD8D-D7FF-4F9F-9C9A-F90EE06FA789}"
EndProject
Project("{6EC3EE1D-3C4E-46DD-8F32-0CC8E7565705}") = "FSharp.Steam.Web", "fsharp\FSharp.Steam.Web\FSharp.Steam.Web.fsproj", "{252FC5F7-AEA5-466B-AFDF-2EE172C3107D}"
EndProject
Project("{6EC3EE1D-3C4E-46DD-8F32-0CC8E7565705}") = "FSharp.Steam.Rest", "fsharp\FSharp.Steam.Rest\FSharp.Steam.Rest.fsproj", "{B1ADE10D-A8E1-4DFC-A4D5-7846CC071C97}"
EndProject
Project("{6EC3EE1D-3C4E-46DD-8F32-0CC8E7565705}") = "FSharp.Steam.Common", "fsharp\FSharp.Steam.Common\FSharp.Steam.Common.fsproj", "{AAAF363C-4D2F-4A1D-B544-F6602590EAD6}"
EndProject
Project("{6EC3EE1D-3C4E-46DD-8F32-0CC8E7565705}") = "Steam.Sandbox.FSharp", "sandbox\Steam.Sandbox.FSharp\Steam.Sandbox.FSharp.fsproj", "{981AF2D0-8DDA-4A8C-B996-5DF7909391E2}"
EndProject
Global
	GlobalSection(SolutionConfigurationPlatforms) = preSolution
		Debug|Any CPU = Debug|Any CPU
		Debug|x64 = Debug|x64
		Debug|x86 = Debug|x86
		DebugJobs|Any CPU = DebugJobs|Any CPU
		DebugJobs|x64 = DebugJobs|x64
		DebugJobs|x86 = DebugJobs|x86
		Release|Any CPU = Release|Any CPU
		Release|x64 = Release|x64
		Release|x86 = Release|x86
	EndGlobalSection
	GlobalSection(ProjectConfigurationPlatforms) = postSolution
		{CF418B3F-37B7-45EF-BC43-1ADF41C1433F}.Debug|Any CPU.ActiveCfg = Debug|Any CPU
		{CF418B3F-37B7-45EF-BC43-1ADF41C1433F}.Debug|Any CPU.Build.0 = Debug|Any CPU
		{CF418B3F-37B7-45EF-BC43-1ADF41C1433F}.Debug|x64.ActiveCfg = Debug|Any CPU
		{CF418B3F-37B7-45EF-BC43-1ADF41C1433F}.Debug|x86.ActiveCfg = Debug|Any CPU
		{CF418B3F-37B7-45EF-BC43-1ADF41C1433F}.DebugJobs|Any CPU.ActiveCfg = Debug|Any CPU
		{CF418B3F-37B7-45EF-BC43-1ADF41C1433F}.DebugJobs|Any CPU.Build.0 = Debug|Any CPU
		{CF418B3F-37B7-45EF-BC43-1ADF41C1433F}.DebugJobs|x64.ActiveCfg = Debug|Any CPU
		{CF418B3F-37B7-45EF-BC43-1ADF41C1433F}.DebugJobs|x64.Build.0 = Debug|Any CPU
		{CF418B3F-37B7-45EF-BC43-1ADF41C1433F}.DebugJobs|x86.ActiveCfg = Debug|Any CPU
		{CF418B3F-37B7-45EF-BC43-1ADF41C1433F}.DebugJobs|x86.Build.0 = Debug|Any CPU
		{CF418B3F-37B7-45EF-BC43-1ADF41C1433F}.Release|Any CPU.ActiveCfg = Release|Any CPU
		{CF418B3F-37B7-45EF-BC43-1ADF41C1433F}.Release|Any CPU.Build.0 = Release|Any CPU
		{CF418B3F-37B7-45EF-BC43-1ADF41C1433F}.Release|x64.ActiveCfg = Release|Any CPU
		{CF418B3F-37B7-45EF-BC43-1ADF41C1433F}.Release|x86.ActiveCfg = Release|Any CPU
		{7B7C5133-A439-4AB4-94B3-FC45D29BD826}.Debug|Any CPU.ActiveCfg = Debug|Any CPU
		{7B7C5133-A439-4AB4-94B3-FC45D29BD826}.Debug|Any CPU.Build.0 = Debug|Any CPU
		{7B7C5133-A439-4AB4-94B3-FC45D29BD826}.Debug|x64.ActiveCfg = Debug|Any CPU
		{7B7C5133-A439-4AB4-94B3-FC45D29BD826}.Debug|x86.ActiveCfg = Debug|Any CPU
		{7B7C5133-A439-4AB4-94B3-FC45D29BD826}.DebugJobs|Any CPU.ActiveCfg = Debug|Any CPU
		{7B7C5133-A439-4AB4-94B3-FC45D29BD826}.DebugJobs|Any CPU.Build.0 = Debug|Any CPU
		{7B7C5133-A439-4AB4-94B3-FC45D29BD826}.DebugJobs|x64.ActiveCfg = Debug|Any CPU
		{7B7C5133-A439-4AB4-94B3-FC45D29BD826}.DebugJobs|x64.Build.0 = Debug|Any CPU
		{7B7C5133-A439-4AB4-94B3-FC45D29BD826}.DebugJobs|x86.ActiveCfg = Debug|Any CPU
		{7B7C5133-A439-4AB4-94B3-FC45D29BD826}.DebugJobs|x86.Build.0 = Debug|Any CPU
		{7B7C5133-A439-4AB4-94B3-FC45D29BD826}.Release|Any CPU.ActiveCfg = Release|Any CPU
		{7B7C5133-A439-4AB4-94B3-FC45D29BD826}.Release|Any CPU.Build.0 = Release|Any CPU
		{7B7C5133-A439-4AB4-94B3-FC45D29BD826}.Release|x64.ActiveCfg = Release|Any CPU
		{7B7C5133-A439-4AB4-94B3-FC45D29BD826}.Release|x86.ActiveCfg = Release|Any CPU
		{3E0B88D7-07F2-4D86-8A0C-E70C59F56290}.Debug|Any CPU.ActiveCfg = Debug|Any CPU
		{3E0B88D7-07F2-4D86-8A0C-E70C59F56290}.Debug|Any CPU.Build.0 = Debug|Any CPU
		{3E0B88D7-07F2-4D86-8A0C-E70C59F56290}.Debug|x64.ActiveCfg = Debug|Any CPU
		{3E0B88D7-07F2-4D86-8A0C-E70C59F56290}.Debug|x86.ActiveCfg = Debug|Any CPU
		{3E0B88D7-07F2-4D86-8A0C-E70C59F56290}.DebugJobs|Any CPU.ActiveCfg = Debug|Any CPU
		{3E0B88D7-07F2-4D86-8A0C-E70C59F56290}.DebugJobs|Any CPU.Build.0 = Debug|Any CPU
		{3E0B88D7-07F2-4D86-8A0C-E70C59F56290}.DebugJobs|x64.ActiveCfg = Debug|Any CPU
		{3E0B88D7-07F2-4D86-8A0C-E70C59F56290}.DebugJobs|x64.Build.0 = Debug|Any CPU
		{3E0B88D7-07F2-4D86-8A0C-E70C59F56290}.DebugJobs|x86.ActiveCfg = Debug|Any CPU
		{3E0B88D7-07F2-4D86-8A0C-E70C59F56290}.DebugJobs|x86.Build.0 = Debug|Any CPU
		{3E0B88D7-07F2-4D86-8A0C-E70C59F56290}.Release|Any CPU.ActiveCfg = Release|Any CPU
		{3E0B88D7-07F2-4D86-8A0C-E70C59F56290}.Release|Any CPU.Build.0 = Release|Any CPU
		{3E0B88D7-07F2-4D86-8A0C-E70C59F56290}.Release|x64.ActiveCfg = Release|Any CPU
		{3E0B88D7-07F2-4D86-8A0C-E70C59F56290}.Release|x86.ActiveCfg = Release|Any CPU
		{BE4474E6-116D-4CD5-B6A9-8486631080D6}.Debug|Any CPU.ActiveCfg = Debug|Any CPU
		{BE4474E6-116D-4CD5-B6A9-8486631080D6}.Debug|Any CPU.Build.0 = Debug|Any CPU
		{BE4474E6-116D-4CD5-B6A9-8486631080D6}.Debug|x64.ActiveCfg = Debug|Any CPU
		{BE4474E6-116D-4CD5-B6A9-8486631080D6}.Debug|x86.ActiveCfg = Debug|Any CPU
		{BE4474E6-116D-4CD5-B6A9-8486631080D6}.DebugJobs|Any CPU.ActiveCfg = Debug|Any CPU
		{BE4474E6-116D-4CD5-B6A9-8486631080D6}.DebugJobs|Any CPU.Build.0 = Debug|Any CPU
		{BE4474E6-116D-4CD5-B6A9-8486631080D6}.DebugJobs|x64.ActiveCfg = Debug|Any CPU
		{BE4474E6-116D-4CD5-B6A9-8486631080D6}.DebugJobs|x64.Build.0 = Debug|Any CPU
		{BE4474E6-116D-4CD5-B6A9-8486631080D6}.DebugJobs|x86.ActiveCfg = Debug|Any CPU
		{BE4474E6-116D-4CD5-B6A9-8486631080D6}.DebugJobs|x86.Build.0 = Debug|Any CPU
		{BE4474E6-116D-4CD5-B6A9-8486631080D6}.Release|Any CPU.ActiveCfg = Release|Any CPU
		{BE4474E6-116D-4CD5-B6A9-8486631080D6}.Release|Any CPU.Build.0 = Release|Any CPU
		{BE4474E6-116D-4CD5-B6A9-8486631080D6}.Release|x64.ActiveCfg = Release|Any CPU
		{BE4474E6-116D-4CD5-B6A9-8486631080D6}.Release|x86.ActiveCfg = Release|Any CPU
		{F7F574D9-2BF0-4D36-8210-726F69A08085}.Debug|Any CPU.ActiveCfg = Debug|Any CPU
		{F7F574D9-2BF0-4D36-8210-726F69A08085}.Debug|Any CPU.Build.0 = Debug|Any CPU
		{F7F574D9-2BF0-4D36-8210-726F69A08085}.Debug|x64.ActiveCfg = Debug|Any CPU
		{F7F574D9-2BF0-4D36-8210-726F69A08085}.Debug|x86.ActiveCfg = Debug|Any CPU
		{F7F574D9-2BF0-4D36-8210-726F69A08085}.DebugJobs|Any CPU.ActiveCfg = Debug|Any CPU
		{F7F574D9-2BF0-4D36-8210-726F69A08085}.DebugJobs|Any CPU.Build.0 = Debug|Any CPU
		{F7F574D9-2BF0-4D36-8210-726F69A08085}.DebugJobs|x64.ActiveCfg = Debug|Any CPU
		{F7F574D9-2BF0-4D36-8210-726F69A08085}.DebugJobs|x64.Build.0 = Debug|Any CPU
		{F7F574D9-2BF0-4D36-8210-726F69A08085}.DebugJobs|x86.ActiveCfg = Debug|Any CPU
		{F7F574D9-2BF0-4D36-8210-726F69A08085}.DebugJobs|x86.Build.0 = Debug|Any CPU
		{F7F574D9-2BF0-4D36-8210-726F69A08085}.Release|Any CPU.ActiveCfg = Release|Any CPU
		{F7F574D9-2BF0-4D36-8210-726F69A08085}.Release|Any CPU.Build.0 = Release|Any CPU
		{F7F574D9-2BF0-4D36-8210-726F69A08085}.Release|x64.ActiveCfg = Release|Any CPU
		{F7F574D9-2BF0-4D36-8210-726F69A08085}.Release|x86.ActiveCfg = Release|Any CPU
		{23A96C99-4DD1-4CE7-ADB4-4146E13C5BF1}.Debug|Any CPU.ActiveCfg = Debug|Any CPU
		{23A96C99-4DD1-4CE7-ADB4-4146E13C5BF1}.Debug|Any CPU.Build.0 = Debug|Any CPU
		{23A96C99-4DD1-4CE7-ADB4-4146E13C5BF1}.Debug|x64.ActiveCfg = Debug|Any CPU
		{23A96C99-4DD1-4CE7-ADB4-4146E13C5BF1}.Debug|x64.Build.0 = Debug|Any CPU
		{23A96C99-4DD1-4CE7-ADB4-4146E13C5BF1}.Debug|x86.ActiveCfg = Debug|Any CPU
		{23A96C99-4DD1-4CE7-ADB4-4146E13C5BF1}.Debug|x86.Build.0 = Debug|Any CPU
		{23A96C99-4DD1-4CE7-ADB4-4146E13C5BF1}.DebugJobs|Any CPU.ActiveCfg = DebugJobs|Any CPU
		{23A96C99-4DD1-4CE7-ADB4-4146E13C5BF1}.DebugJobs|Any CPU.Build.0 = DebugJobs|Any CPU
		{23A96C99-4DD1-4CE7-ADB4-4146E13C5BF1}.DebugJobs|x64.ActiveCfg = DebugJobs|Any CPU
		{23A96C99-4DD1-4CE7-ADB4-4146E13C5BF1}.DebugJobs|x64.Build.0 = DebugJobs|Any CPU
		{23A96C99-4DD1-4CE7-ADB4-4146E13C5BF1}.DebugJobs|x86.ActiveCfg = DebugJobs|Any CPU
		{23A96C99-4DD1-4CE7-ADB4-4146E13C5BF1}.DebugJobs|x86.Build.0 = DebugJobs|Any CPU
		{23A96C99-4DD1-4CE7-ADB4-4146E13C5BF1}.Release|Any CPU.ActiveCfg = Release|Any CPU
		{23A96C99-4DD1-4CE7-ADB4-4146E13C5BF1}.Release|Any CPU.Build.0 = Release|Any CPU
		{23A96C99-4DD1-4CE7-ADB4-4146E13C5BF1}.Release|x64.ActiveCfg = Release|Any CPU
		{23A96C99-4DD1-4CE7-ADB4-4146E13C5BF1}.Release|x64.Build.0 = Release|Any CPU
		{23A96C99-4DD1-4CE7-ADB4-4146E13C5BF1}.Release|x86.ActiveCfg = Release|Any CPU
		{23A96C99-4DD1-4CE7-ADB4-4146E13C5BF1}.Release|x86.Build.0 = Release|Any CPU
		{4A8A058E-1147-44BF-8EF9-EC48854F97BE}.Debug|Any CPU.ActiveCfg = Debug|Any CPU
		{4A8A058E-1147-44BF-8EF9-EC48854F97BE}.Debug|Any CPU.Build.0 = Debug|Any CPU
		{4A8A058E-1147-44BF-8EF9-EC48854F97BE}.Debug|x64.ActiveCfg = Debug|Any CPU
		{4A8A058E-1147-44BF-8EF9-EC48854F97BE}.Debug|x64.Build.0 = Debug|Any CPU
		{4A8A058E-1147-44BF-8EF9-EC48854F97BE}.Debug|x86.ActiveCfg = Debug|Any CPU
		{4A8A058E-1147-44BF-8EF9-EC48854F97BE}.Debug|x86.Build.0 = Debug|Any CPU
		{4A8A058E-1147-44BF-8EF9-EC48854F97BE}.DebugJobs|Any CPU.ActiveCfg = DebugJobs|Any CPU
		{4A8A058E-1147-44BF-8EF9-EC48854F97BE}.DebugJobs|Any CPU.Build.0 = DebugJobs|Any CPU
		{4A8A058E-1147-44BF-8EF9-EC48854F97BE}.DebugJobs|x64.ActiveCfg = DebugJobs|Any CPU
		{4A8A058E-1147-44BF-8EF9-EC48854F97BE}.DebugJobs|x64.Build.0 = DebugJobs|Any CPU
		{4A8A058E-1147-44BF-8EF9-EC48854F97BE}.DebugJobs|x86.ActiveCfg = DebugJobs|Any CPU
		{4A8A058E-1147-44BF-8EF9-EC48854F97BE}.DebugJobs|x86.Build.0 = DebugJobs|Any CPU
		{4A8A058E-1147-44BF-8EF9-EC48854F97BE}.Release|Any CPU.ActiveCfg = Release|Any CPU
		{4A8A058E-1147-44BF-8EF9-EC48854F97BE}.Release|Any CPU.Build.0 = Release|Any CPU
		{4A8A058E-1147-44BF-8EF9-EC48854F97BE}.Release|x64.ActiveCfg = Release|Any CPU
		{4A8A058E-1147-44BF-8EF9-EC48854F97BE}.Release|x64.Build.0 = Release|Any CPU
		{4A8A058E-1147-44BF-8EF9-EC48854F97BE}.Release|x86.ActiveCfg = Release|Any CPU
		{4A8A058E-1147-44BF-8EF9-EC48854F97BE}.Release|x86.Build.0 = Release|Any CPU
		{C089B0D9-B938-4376-B7A4-E1B3BF7D39CD}.Debug|Any CPU.ActiveCfg = Debug|Any CPU
		{C089B0D9-B938-4376-B7A4-E1B3BF7D39CD}.Debug|Any CPU.Build.0 = Debug|Any CPU
		{C089B0D9-B938-4376-B7A4-E1B3BF7D39CD}.Debug|x64.ActiveCfg = Debug|Any CPU
		{C089B0D9-B938-4376-B7A4-E1B3BF7D39CD}.Debug|x64.Build.0 = Debug|Any CPU
		{C089B0D9-B938-4376-B7A4-E1B3BF7D39CD}.Debug|x86.ActiveCfg = Debug|Any CPU
		{C089B0D9-B938-4376-B7A4-E1B3BF7D39CD}.Debug|x86.Build.0 = Debug|Any CPU
		{C089B0D9-B938-4376-B7A4-E1B3BF7D39CD}.DebugJobs|Any CPU.ActiveCfg = DebugJobs|Any CPU
		{C089B0D9-B938-4376-B7A4-E1B3BF7D39CD}.DebugJobs|Any CPU.Build.0 = DebugJobs|Any CPU
		{C089B0D9-B938-4376-B7A4-E1B3BF7D39CD}.DebugJobs|x64.ActiveCfg = DebugJobs|Any CPU
		{C089B0D9-B938-4376-B7A4-E1B3BF7D39CD}.DebugJobs|x64.Build.0 = DebugJobs|Any CPU
		{C089B0D9-B938-4376-B7A4-E1B3BF7D39CD}.DebugJobs|x86.ActiveCfg = DebugJobs|Any CPU
		{C089B0D9-B938-4376-B7A4-E1B3BF7D39CD}.DebugJobs|x86.Build.0 = DebugJobs|Any CPU
		{C089B0D9-B938-4376-B7A4-E1B3BF7D39CD}.Release|Any CPU.ActiveCfg = Release|Any CPU
		{C089B0D9-B938-4376-B7A4-E1B3BF7D39CD}.Release|Any CPU.Build.0 = Release|Any CPU
		{C089B0D9-B938-4376-B7A4-E1B3BF7D39CD}.Release|x64.ActiveCfg = Release|Any CPU
		{C089B0D9-B938-4376-B7A4-E1B3BF7D39CD}.Release|x64.Build.0 = Release|Any CPU
		{C089B0D9-B938-4376-B7A4-E1B3BF7D39CD}.Release|x86.ActiveCfg = Release|Any CPU
		{C089B0D9-B938-4376-B7A4-E1B3BF7D39CD}.Release|x86.Build.0 = Release|Any CPU
		{252FC5F7-AEA5-466B-AFDF-2EE172C3107D}.Debug|Any CPU.ActiveCfg = Debug|Any CPU
		{252FC5F7-AEA5-466B-AFDF-2EE172C3107D}.Debug|Any CPU.Build.0 = Debug|Any CPU
		{252FC5F7-AEA5-466B-AFDF-2EE172C3107D}.Debug|x64.ActiveCfg = Debug|Any CPU
		{252FC5F7-AEA5-466B-AFDF-2EE172C3107D}.Debug|x64.Build.0 = Debug|Any CPU
		{252FC5F7-AEA5-466B-AFDF-2EE172C3107D}.Debug|x86.ActiveCfg = Debug|Any CPU
		{252FC5F7-AEA5-466B-AFDF-2EE172C3107D}.Debug|x86.Build.0 = Debug|Any CPU
		{252FC5F7-AEA5-466B-AFDF-2EE172C3107D}.DebugJobs|Any CPU.ActiveCfg = Debug|Any CPU
		{252FC5F7-AEA5-466B-AFDF-2EE172C3107D}.DebugJobs|Any CPU.Build.0 = Debug|Any CPU
		{252FC5F7-AEA5-466B-AFDF-2EE172C3107D}.DebugJobs|x64.ActiveCfg = Debug|Any CPU
		{252FC5F7-AEA5-466B-AFDF-2EE172C3107D}.DebugJobs|x64.Build.0 = Debug|Any CPU
		{252FC5F7-AEA5-466B-AFDF-2EE172C3107D}.DebugJobs|x86.ActiveCfg = Debug|Any CPU
		{252FC5F7-AEA5-466B-AFDF-2EE172C3107D}.DebugJobs|x86.Build.0 = Debug|Any CPU
		{252FC5F7-AEA5-466B-AFDF-2EE172C3107D}.Release|Any CPU.ActiveCfg = Release|Any CPU
		{252FC5F7-AEA5-466B-AFDF-2EE172C3107D}.Release|Any CPU.Build.0 = Release|Any CPU
		{252FC5F7-AEA5-466B-AFDF-2EE172C3107D}.Release|x64.ActiveCfg = Release|Any CPU
		{252FC5F7-AEA5-466B-AFDF-2EE172C3107D}.Release|x64.Build.0 = Release|Any CPU
		{252FC5F7-AEA5-466B-AFDF-2EE172C3107D}.Release|x86.ActiveCfg = Release|Any CPU
		{252FC5F7-AEA5-466B-AFDF-2EE172C3107D}.Release|x86.Build.0 = Release|Any CPU
		{B1ADE10D-A8E1-4DFC-A4D5-7846CC071C97}.Debug|Any CPU.ActiveCfg = Debug|Any CPU
		{B1ADE10D-A8E1-4DFC-A4D5-7846CC071C97}.Debug|Any CPU.Build.0 = Debug|Any CPU
		{B1ADE10D-A8E1-4DFC-A4D5-7846CC071C97}.Debug|x64.ActiveCfg = Debug|Any CPU
		{B1ADE10D-A8E1-4DFC-A4D5-7846CC071C97}.Debug|x64.Build.0 = Debug|Any CPU
		{B1ADE10D-A8E1-4DFC-A4D5-7846CC071C97}.Debug|x86.ActiveCfg = Debug|Any CPU
		{B1ADE10D-A8E1-4DFC-A4D5-7846CC071C97}.Debug|x86.Build.0 = Debug|Any CPU
		{B1ADE10D-A8E1-4DFC-A4D5-7846CC071C97}.DebugJobs|Any CPU.ActiveCfg = Debug|Any CPU
		{B1ADE10D-A8E1-4DFC-A4D5-7846CC071C97}.DebugJobs|Any CPU.Build.0 = Debug|Any CPU
		{B1ADE10D-A8E1-4DFC-A4D5-7846CC071C97}.DebugJobs|x64.ActiveCfg = Debug|Any CPU
		{B1ADE10D-A8E1-4DFC-A4D5-7846CC071C97}.DebugJobs|x64.Build.0 = Debug|Any CPU
		{B1ADE10D-A8E1-4DFC-A4D5-7846CC071C97}.DebugJobs|x86.ActiveCfg = Debug|Any CPU
		{B1ADE10D-A8E1-4DFC-A4D5-7846CC071C97}.DebugJobs|x86.Build.0 = Debug|Any CPU
		{B1ADE10D-A8E1-4DFC-A4D5-7846CC071C97}.Release|Any CPU.ActiveCfg = Release|Any CPU
		{B1ADE10D-A8E1-4DFC-A4D5-7846CC071C97}.Release|Any CPU.Build.0 = Release|Any CPU
		{B1ADE10D-A8E1-4DFC-A4D5-7846CC071C97}.Release|x64.ActiveCfg = Release|Any CPU
		{B1ADE10D-A8E1-4DFC-A4D5-7846CC071C97}.Release|x64.Build.0 = Release|Any CPU
		{B1ADE10D-A8E1-4DFC-A4D5-7846CC071C97}.Release|x86.ActiveCfg = Release|Any CPU
		{B1ADE10D-A8E1-4DFC-A4D5-7846CC071C97}.Release|x86.Build.0 = Release|Any CPU
		{AAAF363C-4D2F-4A1D-B544-F6602590EAD6}.Debug|Any CPU.ActiveCfg = Debug|Any CPU
		{AAAF363C-4D2F-4A1D-B544-F6602590EAD6}.Debug|Any CPU.Build.0 = Debug|Any CPU
		{AAAF363C-4D2F-4A1D-B544-F6602590EAD6}.Debug|x64.ActiveCfg = Debug|Any CPU
		{AAAF363C-4D2F-4A1D-B544-F6602590EAD6}.Debug|x64.Build.0 = Debug|Any CPU
		{AAAF363C-4D2F-4A1D-B544-F6602590EAD6}.Debug|x86.ActiveCfg = Debug|Any CPU
		{AAAF363C-4D2F-4A1D-B544-F6602590EAD6}.Debug|x86.Build.0 = Debug|Any CPU
		{AAAF363C-4D2F-4A1D-B544-F6602590EAD6}.DebugJobs|Any CPU.ActiveCfg = Debug|Any CPU
		{AAAF363C-4D2F-4A1D-B544-F6602590EAD6}.DebugJobs|Any CPU.Build.0 = Debug|Any CPU
		{AAAF363C-4D2F-4A1D-B544-F6602590EAD6}.DebugJobs|x64.ActiveCfg = Debug|Any CPU
		{AAAF363C-4D2F-4A1D-B544-F6602590EAD6}.DebugJobs|x64.Build.0 = Debug|Any CPU
		{AAAF363C-4D2F-4A1D-B544-F6602590EAD6}.DebugJobs|x86.ActiveCfg = Debug|Any CPU
		{AAAF363C-4D2F-4A1D-B544-F6602590EAD6}.DebugJobs|x86.Build.0 = Debug|Any CPU
		{AAAF363C-4D2F-4A1D-B544-F6602590EAD6}.Release|Any CPU.ActiveCfg = Release|Any CPU
		{AAAF363C-4D2F-4A1D-B544-F6602590EAD6}.Release|Any CPU.Build.0 = Release|Any CPU
		{AAAF363C-4D2F-4A1D-B544-F6602590EAD6}.Release|x64.ActiveCfg = Release|Any CPU
		{AAAF363C-4D2F-4A1D-B544-F6602590EAD6}.Release|x64.Build.0 = Release|Any CPU
		{AAAF363C-4D2F-4A1D-B544-F6602590EAD6}.Release|x86.ActiveCfg = Release|Any CPU
		{AAAF363C-4D2F-4A1D-B544-F6602590EAD6}.Release|x86.Build.0 = Release|Any CPU
		{981AF2D0-8DDA-4A8C-B996-5DF7909391E2}.Debug|Any CPU.ActiveCfg = Debug|Any CPU
		{981AF2D0-8DDA-4A8C-B996-5DF7909391E2}.Debug|Any CPU.Build.0 = Debug|Any CPU
		{981AF2D0-8DDA-4A8C-B996-5DF7909391E2}.Debug|x64.ActiveCfg = Debug|Any CPU
		{981AF2D0-8DDA-4A8C-B996-5DF7909391E2}.Debug|x64.Build.0 = Debug|Any CPU
		{981AF2D0-8DDA-4A8C-B996-5DF7909391E2}.Debug|x86.ActiveCfg = Debug|Any CPU
		{981AF2D0-8DDA-4A8C-B996-5DF7909391E2}.Debug|x86.Build.0 = Debug|Any CPU
		{981AF2D0-8DDA-4A8C-B996-5DF7909391E2}.DebugJobs|Any CPU.ActiveCfg = DebugJobs|Any CPU
		{981AF2D0-8DDA-4A8C-B996-5DF7909391E2}.DebugJobs|Any CPU.Build.0 = DebugJobs|Any CPU
		{981AF2D0-8DDA-4A8C-B996-5DF7909391E2}.DebugJobs|x64.ActiveCfg = DebugJobs|Any CPU
		{981AF2D0-8DDA-4A8C-B996-5DF7909391E2}.DebugJobs|x64.Build.0 = DebugJobs|Any CPU
		{981AF2D0-8DDA-4A8C-B996-5DF7909391E2}.DebugJobs|x86.ActiveCfg = DebugJobs|Any CPU
		{981AF2D0-8DDA-4A8C-B996-5DF7909391E2}.DebugJobs|x86.Build.0 = DebugJobs|Any CPU
		{981AF2D0-8DDA-4A8C-B996-5DF7909391E2}.Release|Any CPU.ActiveCfg = Release|Any CPU
		{981AF2D0-8DDA-4A8C-B996-5DF7909391E2}.Release|Any CPU.Build.0 = Release|Any CPU
		{981AF2D0-8DDA-4A8C-B996-5DF7909391E2}.Release|x64.ActiveCfg = Release|Any CPU
		{981AF2D0-8DDA-4A8C-B996-5DF7909391E2}.Release|x64.Build.0 = Release|Any CPU
		{981AF2D0-8DDA-4A8C-B996-5DF7909391E2}.Release|x86.ActiveCfg = Release|Any CPU
		{981AF2D0-8DDA-4A8C-B996-5DF7909391E2}.Release|x86.Build.0 = Release|Any CPU
	EndGlobalSection
	GlobalSection(SolutionProperties) = preSolution
		HideSolutionNode = FALSE
	EndGlobalSection
	GlobalSection(NestedProjects) = preSolution
		{CF418B3F-37B7-45EF-BC43-1ADF41C1433F} = {C2F6E529-3EFA-4447-BF83-77D579354EFF}
		{7B7C5133-A439-4AB4-94B3-FC45D29BD826} = {C2F6E529-3EFA-4447-BF83-77D579354EFF}
		{3E0B88D7-07F2-4D86-8A0C-E70C59F56290} = {C2F6E529-3EFA-4447-BF83-77D579354EFF}
		{BE4474E6-116D-4CD5-B6A9-8486631080D6} = {C2F6E529-3EFA-4447-BF83-77D579354EFF}
		{F7F574D9-2BF0-4D36-8210-726F69A08085} = {C2F6E529-3EFA-4447-BF83-77D579354EFF}
		{23A96C99-4DD1-4CE7-ADB4-4146E13C5BF1} = {BA379C34-37EF-4BF1-B602-DB98E6DC6145}
		{4A8A058E-1147-44BF-8EF9-EC48854F97BE} = {67E68591-4872-4561-91D4-4C8F5D084573}
		{C089B0D9-B938-4376-B7A4-E1B3BF7D39CD} = {67E68591-4872-4561-91D4-4C8F5D084573}
		{252FC5F7-AEA5-466B-AFDF-2EE172C3107D} = {817BCD8D-D7FF-4F9F-9C9A-F90EE06FA789}
		{B1ADE10D-A8E1-4DFC-A4D5-7846CC071C97} = {817BCD8D-D7FF-4F9F-9C9A-F90EE06FA789}
		{AAAF363C-4D2F-4A1D-B544-F6602590EAD6} = {817BCD8D-D7FF-4F9F-9C9A-F90EE06FA789}
		{981AF2D0-8DDA-4A8C-B996-5DF7909391E2} = {BA379C34-37EF-4BF1-B602-DB98E6DC6145}
	EndGlobalSection
	GlobalSection(ExtensibilityGlobals) = postSolution
		SolutionGuid = {B4A41E44-FDED-4A91-9ECA-8778EB35ED7B}
	EndGlobalSection
EndGlobal
