Microsoft Visual Studio Solution File, Format Version 12.00
# Visual Studio 15
VisualStudioVersion = 15.0.27110.0
MinimumVisualStudioVersion = 10.0.40219.1
Project("{2150E333-8FDC-42A3-9474-1A3956D46DE8}") = "tests", "tests", "{67E68591-4872-4561-91D4-4C8F5D084573}"
EndProject
Project("{9A19103F-16F7-4668-BE54-9A1E7A4F7556}") = "Steam.Tests", "tests\Steam.Tests\Steam.Tests.csproj", "{0C2AE057-1FF0-4922-88FA-008A4A75E361}"
EndProject
Project("{2150E333-8FDC-42A3-9474-1A3956D46DE8}") = "src", "src", "{C2F6E529-3EFA-4447-BF83-77D579354EFF}"
EndProject
Project("{2150E333-8FDC-42A3-9474-1A3956D46DE8}") = "samples", "samples", "{F0E38538-DEF3-4670-909B-996DC844D400}"
EndProject
Project("{9A19103F-16F7-4668-BE54-9A1E7A4F7556}") = "Steam.Common", "src\Steam.Common\Steam.Common.csproj", "{CF418B3F-37B7-45EF-BC43-1ADF41C1433F}"
EndProject
Project("{9A19103F-16F7-4668-BE54-9A1E7A4F7556}") = "Steam.KeyValues", "src\Steam.KeyValues\Steam.KeyValues.csproj", "{7B7C5133-A439-4AB4-94B3-FC45D29BD826}"
EndProject
Project("{9A19103F-16F7-4668-BE54-9A1E7A4F7556}") = "Steam.Rest", "src\Steam.Rest\Steam.Rest.csproj", "{3E0B88D7-07F2-4D86-8A0C-E70C59F56290}"
EndProject
Project("{9A19103F-16F7-4668-BE54-9A1E7A4F7556}") = "Steam.Web", "src\Steam.Web\Steam.Web.csproj", "{BE4474E6-116D-4CD5-B6A9-8486631080D6}"
EndProject
Project("{9A19103F-16F7-4668-BE54-9A1E7A4F7556}") = "Steam.Net", "src\Steam.Net\Steam.Net.csproj", "{F7F574D9-2BF0-4D36-8210-726F69A08085}"
EndProject
Project("{6EC3EE1D-3C4E-46DD-8F32-0CC8E7565705}") = "Steam.Net.FSharp", "src\Steam.Net.FSharp\Steam.Net.FSharp.fsproj", "{DB422363-8B7E-4428-8608-E6A022B685ED}"
EndProject
Project("{2150E333-8FDC-42A3-9474-1A3956D46DE8}") = "tools", "tools", "{B9DE4D3B-A358-4AA4-938F-C86E117262DD}"
	ProjectSection(SolutionItems) = preProject
		tools\common.props = tools\common.props
	EndProjectSection
EndProject
Project("{2150E333-8FDC-42A3-9474-1A3956D46DE8}") = "sandbox", "sandbox", "{BA379C34-37EF-4BF1-B602-DB98E6DC6145}"
EndProject
Project("{9A19103F-16F7-4668-BE54-9A1E7A4F7556}") = "Steam.Sandbox", "sandbox\Steam.Sandbox\Steam.Sandbox.csproj", "{23A96C99-4DD1-4CE7-ADB4-4146E13C5BF1}"
EndProject
Project("{6EC3EE1D-3C4E-46DD-8F32-0CC8E7565705}") = "Steam.Sandbox.FSharp", "sandbox\Steam.Sandbox.FSharp\Steam.Sandbox.FSharp.fsproj", "{47E6C85C-D930-493D-9A72-97263C37A489}"
EndProject
Project("{F2A71F9B-5D33-465A-A702-920D77279786}") = "Steam.Common.FSharp", "src\Steam.Common.FSharp\Steam.Common.FSharp.fsproj", "{03E6BBA8-4696-4D4E-86F1-6DC218415F82}"
EndProject
Global
	GlobalSection(SolutionConfigurationPlatforms) = preSolution
		Debug|Any CPU = Debug|Any CPU
		Debug|x64 = Debug|x64
		Debug|x86 = Debug|x86
		Release|Any CPU = Release|Any CPU
		Release|x64 = Release|x64
		Release|x86 = Release|x86
	EndGlobalSection
	GlobalSection(ProjectConfigurationPlatforms) = postSolution
		{0C2AE057-1FF0-4922-88FA-008A4A75E361}.Debug|Any CPU.ActiveCfg = Debug|Any CPU
		{0C2AE057-1FF0-4922-88FA-008A4A75E361}.Debug|Any CPU.Build.0 = Debug|Any CPU
		{0C2AE057-1FF0-4922-88FA-008A4A75E361}.Debug|x64.ActiveCfg = Debug|Any CPU
		{0C2AE057-1FF0-4922-88FA-008A4A75E361}.Debug|x86.ActiveCfg = Debug|Any CPU
		{0C2AE057-1FF0-4922-88FA-008A4A75E361}.Release|Any CPU.ActiveCfg = Release|Any CPU
		{0C2AE057-1FF0-4922-88FA-008A4A75E361}.Release|Any CPU.Build.0 = Release|Any CPU
		{0C2AE057-1FF0-4922-88FA-008A4A75E361}.Release|x64.ActiveCfg = Release|Any CPU
		{0C2AE057-1FF0-4922-88FA-008A4A75E361}.Release|x86.ActiveCfg = Release|Any CPU
		{CF418B3F-37B7-45EF-BC43-1ADF41C1433F}.Debug|Any CPU.ActiveCfg = Debug|Any CPU
		{CF418B3F-37B7-45EF-BC43-1ADF41C1433F}.Debug|Any CPU.Build.0 = Debug|Any CPU
		{CF418B3F-37B7-45EF-BC43-1ADF41C1433F}.Debug|x64.ActiveCfg = Debug|Any CPU
		{CF418B3F-37B7-45EF-BC43-1ADF41C1433F}.Debug|x86.ActiveCfg = Debug|Any CPU
		{CF418B3F-37B7-45EF-BC43-1ADF41C1433F}.Release|Any CPU.ActiveCfg = Release|Any CPU
		{CF418B3F-37B7-45EF-BC43-1ADF41C1433F}.Release|Any CPU.Build.0 = Release|Any CPU
		{CF418B3F-37B7-45EF-BC43-1ADF41C1433F}.Release|x64.ActiveCfg = Release|Any CPU
		{CF418B3F-37B7-45EF-BC43-1ADF41C1433F}.Release|x86.ActiveCfg = Release|Any CPU
		{7B7C5133-A439-4AB4-94B3-FC45D29BD826}.Debug|Any CPU.ActiveCfg = Debug|Any CPU
		{7B7C5133-A439-4AB4-94B3-FC45D29BD826}.Debug|Any CPU.Build.0 = Debug|Any CPU
		{7B7C5133-A439-4AB4-94B3-FC45D29BD826}.Debug|x64.ActiveCfg = Debug|Any CPU
		{7B7C5133-A439-4AB4-94B3-FC45D29BD826}.Debug|x86.ActiveCfg = Debug|Any CPU
		{7B7C5133-A439-4AB4-94B3-FC45D29BD826}.Release|Any CPU.ActiveCfg = Release|Any CPU
		{7B7C5133-A439-4AB4-94B3-FC45D29BD826}.Release|Any CPU.Build.0 = Release|Any CPU
		{7B7C5133-A439-4AB4-94B3-FC45D29BD826}.Release|x64.ActiveCfg = Release|Any CPU
		{7B7C5133-A439-4AB4-94B3-FC45D29BD826}.Release|x86.ActiveCfg = Release|Any CPU
		{3E0B88D7-07F2-4D86-8A0C-E70C59F56290}.Debug|Any CPU.ActiveCfg = Debug|Any CPU
		{3E0B88D7-07F2-4D86-8A0C-E70C59F56290}.Debug|Any CPU.Build.0 = Debug|Any CPU
		{3E0B88D7-07F2-4D86-8A0C-E70C59F56290}.Debug|x64.ActiveCfg = Debug|Any CPU
		{3E0B88D7-07F2-4D86-8A0C-E70C59F56290}.Debug|x86.ActiveCfg = Debug|Any CPU
		{3E0B88D7-07F2-4D86-8A0C-E70C59F56290}.Release|Any CPU.ActiveCfg = Release|Any CPU
		{3E0B88D7-07F2-4D86-8A0C-E70C59F56290}.Release|Any CPU.Build.0 = Release|Any CPU
		{3E0B88D7-07F2-4D86-8A0C-E70C59F56290}.Release|x64.ActiveCfg = Release|Any CPU
		{3E0B88D7-07F2-4D86-8A0C-E70C59F56290}.Release|x86.ActiveCfg = Release|Any CPU
		{BE4474E6-116D-4CD5-B6A9-8486631080D6}.Debug|Any CPU.ActiveCfg = Debug|Any CPU
		{BE4474E6-116D-4CD5-B6A9-8486631080D6}.Debug|Any CPU.Build.0 = Debug|Any CPU
		{BE4474E6-116D-4CD5-B6A9-8486631080D6}.Debug|x64.ActiveCfg = Debug|Any CPU
		{BE4474E6-116D-4CD5-B6A9-8486631080D6}.Debug|x86.ActiveCfg = Debug|Any CPU
		{BE4474E6-116D-4CD5-B6A9-8486631080D6}.Release|Any CPU.ActiveCfg = Release|Any CPU
		{BE4474E6-116D-4CD5-B6A9-8486631080D6}.Release|Any CPU.Build.0 = Release|Any CPU
		{BE4474E6-116D-4CD5-B6A9-8486631080D6}.Release|x64.ActiveCfg = Release|Any CPU
		{BE4474E6-116D-4CD5-B6A9-8486631080D6}.Release|x86.ActiveCfg = Release|Any CPU
		{F7F574D9-2BF0-4D36-8210-726F69A08085}.Debug|Any CPU.ActiveCfg = Debug|Any CPU
		{F7F574D9-2BF0-4D36-8210-726F69A08085}.Debug|Any CPU.Build.0 = Debug|Any CPU
		{F7F574D9-2BF0-4D36-8210-726F69A08085}.Debug|x64.ActiveCfg = Debug|Any CPU
		{F7F574D9-2BF0-4D36-8210-726F69A08085}.Debug|x86.ActiveCfg = Debug|Any CPU
		{F7F574D9-2BF0-4D36-8210-726F69A08085}.Release|Any CPU.ActiveCfg = Release|Any CPU
		{F7F574D9-2BF0-4D36-8210-726F69A08085}.Release|Any CPU.Build.0 = Release|Any CPU
		{F7F574D9-2BF0-4D36-8210-726F69A08085}.Release|x64.ActiveCfg = Release|Any CPU
		{F7F574D9-2BF0-4D36-8210-726F69A08085}.Release|x86.ActiveCfg = Release|Any CPU
		{DB422363-8B7E-4428-8608-E6A022B685ED}.Debug|Any CPU.ActiveCfg = Debug|Any CPU
		{DB422363-8B7E-4428-8608-E6A022B685ED}.Debug|Any CPU.Build.0 = Debug|Any CPU
		{DB422363-8B7E-4428-8608-E6A022B685ED}.Debug|x64.ActiveCfg = Debug|Any CPU
		{DB422363-8B7E-4428-8608-E6A022B685ED}.Debug|x64.Build.0 = Debug|Any CPU
		{DB422363-8B7E-4428-8608-E6A022B685ED}.Debug|x86.ActiveCfg = Debug|Any CPU
		{DB422363-8B7E-4428-8608-E6A022B685ED}.Debug|x86.Build.0 = Debug|Any CPU
		{DB422363-8B7E-4428-8608-E6A022B685ED}.Release|Any CPU.ActiveCfg = Release|Any CPU
		{DB422363-8B7E-4428-8608-E6A022B685ED}.Release|Any CPU.Build.0 = Release|Any CPU
		{DB422363-8B7E-4428-8608-E6A022B685ED}.Release|x64.ActiveCfg = Release|Any CPU
		{DB422363-8B7E-4428-8608-E6A022B685ED}.Release|x64.Build.0 = Release|Any CPU
		{DB422363-8B7E-4428-8608-E6A022B685ED}.Release|x86.ActiveCfg = Release|Any CPU
		{DB422363-8B7E-4428-8608-E6A022B685ED}.Release|x86.Build.0 = Release|Any CPU
		{23A96C99-4DD1-4CE7-ADB4-4146E13C5BF1}.Debug|Any CPU.ActiveCfg = Debug|Any CPU
		{23A96C99-4DD1-4CE7-ADB4-4146E13C5BF1}.Debug|Any CPU.Build.0 = Debug|Any CPU
		{23A96C99-4DD1-4CE7-ADB4-4146E13C5BF1}.Debug|x64.ActiveCfg = Debug|Any CPU
		{23A96C99-4DD1-4CE7-ADB4-4146E13C5BF1}.Debug|x64.Build.0 = Debug|Any CPU
		{23A96C99-4DD1-4CE7-ADB4-4146E13C5BF1}.Debug|x86.ActiveCfg = Debug|Any CPU
		{23A96C99-4DD1-4CE7-ADB4-4146E13C5BF1}.Debug|x86.Build.0 = Debug|Any CPU
		{23A96C99-4DD1-4CE7-ADB4-4146E13C5BF1}.Release|Any CPU.ActiveCfg = Release|Any CPU
		{23A96C99-4DD1-4CE7-ADB4-4146E13C5BF1}.Release|Any CPU.Build.0 = Release|Any CPU
		{23A96C99-4DD1-4CE7-ADB4-4146E13C5BF1}.Release|x64.ActiveCfg = Release|Any CPU
		{23A96C99-4DD1-4CE7-ADB4-4146E13C5BF1}.Release|x64.Build.0 = Release|Any CPU
		{23A96C99-4DD1-4CE7-ADB4-4146E13C5BF1}.Release|x86.ActiveCfg = Release|Any CPU
		{23A96C99-4DD1-4CE7-ADB4-4146E13C5BF1}.Release|x86.Build.0 = Release|Any CPU
		{47E6C85C-D930-493D-9A72-97263C37A489}.Debug|Any CPU.ActiveCfg = Debug|Any CPU
		{47E6C85C-D930-493D-9A72-97263C37A489}.Debug|Any CPU.Build.0 = Debug|Any CPU
		{47E6C85C-D930-493D-9A72-97263C37A489}.Debug|x64.ActiveCfg = Debug|Any CPU
		{47E6C85C-D930-493D-9A72-97263C37A489}.Debug|x64.Build.0 = Debug|Any CPU
		{47E6C85C-D930-493D-9A72-97263C37A489}.Debug|x86.ActiveCfg = Debug|Any CPU
		{47E6C85C-D930-493D-9A72-97263C37A489}.Debug|x86.Build.0 = Debug|Any CPU
		{47E6C85C-D930-493D-9A72-97263C37A489}.Release|Any CPU.ActiveCfg = Release|Any CPU
		{47E6C85C-D930-493D-9A72-97263C37A489}.Release|Any CPU.Build.0 = Release|Any CPU
		{47E6C85C-D930-493D-9A72-97263C37A489}.Release|x64.ActiveCfg = Release|Any CPU
		{47E6C85C-D930-493D-9A72-97263C37A489}.Release|x64.Build.0 = Release|Any CPU
		{47E6C85C-D930-493D-9A72-97263C37A489}.Release|x86.ActiveCfg = Release|Any CPU
		{47E6C85C-D930-493D-9A72-97263C37A489}.Release|x86.Build.0 = Release|Any CPU
		{03E6BBA8-4696-4D4E-86F1-6DC218415F82}.Debug|Any CPU.ActiveCfg = Debug|Any CPU
		{03E6BBA8-4696-4D4E-86F1-6DC218415F82}.Debug|Any CPU.Build.0 = Debug|Any CPU
		{03E6BBA8-4696-4D4E-86F1-6DC218415F82}.Debug|x64.ActiveCfg = Debug|Any CPU
		{03E6BBA8-4696-4D4E-86F1-6DC218415F82}.Debug|x64.Build.0 = Debug|Any CPU
		{03E6BBA8-4696-4D4E-86F1-6DC218415F82}.Debug|x86.ActiveCfg = Debug|Any CPU
		{03E6BBA8-4696-4D4E-86F1-6DC218415F82}.Debug|x86.Build.0 = Debug|Any CPU
		{03E6BBA8-4696-4D4E-86F1-6DC218415F82}.Release|Any CPU.ActiveCfg = Release|Any CPU
		{03E6BBA8-4696-4D4E-86F1-6DC218415F82}.Release|Any CPU.Build.0 = Release|Any CPU
		{03E6BBA8-4696-4D4E-86F1-6DC218415F82}.Release|x64.ActiveCfg = Release|Any CPU
		{03E6BBA8-4696-4D4E-86F1-6DC218415F82}.Release|x64.Build.0 = Release|Any CPU
		{03E6BBA8-4696-4D4E-86F1-6DC218415F82}.Release|x86.ActiveCfg = Release|Any CPU
		{03E6BBA8-4696-4D4E-86F1-6DC218415F82}.Release|x86.Build.0 = Release|Any CPU
	EndGlobalSection
	GlobalSection(SolutionProperties) = preSolution
		HideSolutionNode = FALSE
	EndGlobalSection
	GlobalSection(NestedProjects) = preSolution
		{0C2AE057-1FF0-4922-88FA-008A4A75E361} = {67E68591-4872-4561-91D4-4C8F5D084573}
		{CF418B3F-37B7-45EF-BC43-1ADF41C1433F} = {C2F6E529-3EFA-4447-BF83-77D579354EFF}
		{7B7C5133-A439-4AB4-94B3-FC45D29BD826} = {C2F6E529-3EFA-4447-BF83-77D579354EFF}
		{3E0B88D7-07F2-4D86-8A0C-E70C59F56290} = {C2F6E529-3EFA-4447-BF83-77D579354EFF}
		{BE4474E6-116D-4CD5-B6A9-8486631080D6} = {C2F6E529-3EFA-4447-BF83-77D579354EFF}
		{F7F574D9-2BF0-4D36-8210-726F69A08085} = {C2F6E529-3EFA-4447-BF83-77D579354EFF}
		{DB422363-8B7E-4428-8608-E6A022B685ED} = {C2F6E529-3EFA-4447-BF83-77D579354EFF}
		{23A96C99-4DD1-4CE7-ADB4-4146E13C5BF1} = {BA379C34-37EF-4BF1-B602-DB98E6DC6145}
		{47E6C85C-D930-493D-9A72-97263C37A489} = {BA379C34-37EF-4BF1-B602-DB98E6DC6145}
		{03E6BBA8-4696-4D4E-86F1-6DC218415F82} = {C2F6E529-3EFA-4447-BF83-77D579354EFF}
	EndGlobalSection
	GlobalSection(ExtensibilityGlobals) = postSolution
		SolutionGuid = {B4A41E44-FDED-4A91-9ECA-8778EB35ED7B}
	EndGlobalSection
EndGlobal
