
Microsoft Visual Studio Solution File, Format Version 12.00
# Visual Studio 15
VisualStudioVersion = 15.0.26430.14
MinimumVisualStudioVersion = 10.0.40219.1
Project("{2150E333-8FDC-42A3-9474-1A3956D46DE8}") = "Common", "Common", "{66F4640B-962D-4519-8047-D3D6D93ECE86}"
EndProject
Project("{2150E333-8FDC-42A3-9474-1A3956D46DE8}") = "Local", "Local", "{C8412DD2-41D7-477E-BCA1-FFA7B5940469}"
EndProject
Project("{2150E333-8FDC-42A3-9474-1A3956D46DE8}") = "Web", "Web", "{5C3D3EAE-0C72-4BCB-89D3-4500BED5F2DE}"
EndProject
Project("{2150E333-8FDC-42A3-9474-1A3956D46DE8}") = "Network", "Network", "{8F5AF13F-CF20-4D0A-83FC-4D6E2CD64C97}"
EndProject
Project("{2150E333-8FDC-42A3-9474-1A3956D46DE8}") = "tests", "tests", "{67E68591-4872-4561-91D4-4C8F5D084573}"
EndProject
Project("{9A19103F-16F7-4668-BE54-9A1E7A4F7556}") = "Steam.Tests", "tests\Steam.Tests\Steam.Tests.csproj", "{0C2AE057-1FF0-4922-88FA-008A4A75E361}"
EndProject
Project("{9A19103F-16F7-4668-BE54-9A1E7A4F7556}") = "Steam.Web", "src\Web\Steam.Web\Steam.Web.csproj", "{462B1B95-B085-45A9-AD8D-A0F1403C9CCF}"
EndProject
Project("{9A19103F-16F7-4668-BE54-9A1E7A4F7556}") = "Steam.Net", "src\Network\Steam.Net\Steam.Net.csproj", "{F1722542-1248-44B8-BC8A-19E7DDF46769}"
EndProject
Project("{9A19103F-16F7-4668-BE54-9A1E7A4F7556}") = "Steam.Local", "src\Local\Steam.Local\Steam.Local.csproj", "{9A0FCD01-7C22-46DB-BAD3-07A2D55B5A7E}"
EndProject
Project("{9A19103F-16F7-4668-BE54-9A1E7A4F7556}") = "Steam.KeyValues", "src\Common\Steam.KeyValues\Steam.KeyValues.csproj", "{614771D9-5E3B-4493-8DCD-BDB15AFD0827}"
EndProject
Project("{9A19103F-16F7-4668-BE54-9A1E7A4F7556}") = "Steam.Common", "src\Common\Steam.Common\Steam.Common.csproj", "{83AEC2BF-6609-43C4-B10B-BCA666978230}"
EndProject
Project("{FAE04EC0-301F-11D3-BF4B-00C04F79EFBC}") = "Steam.Rest", "src\Common\Steam.Rest\Steam.Rest.csproj", "{F7C01E48-0AE9-4548-8F75-2FD3FDE3C260}"
EndProject
Project("{FAE04EC0-301F-11D3-BF4B-00C04F79EFBC}") = "Steam.Authenticator", "src\Web\Steam.Authenticator\Steam.Authenticator.csproj", "{9F33DB9D-4BA0-4F13-B8C3-C014AB079151}"
EndProject
Project("{2150E333-8FDC-42A3-9474-1A3956D46DE8}") = "src", "src", "{C2F6E529-3EFA-4447-BF83-77D579354EFF}"
EndProject
Project("{2150E333-8FDC-42A3-9474-1A3956D46DE8}") = "samples", "samples", "{F0E38538-DEF3-4670-909B-996DC844D400}"
EndProject
Project("{2150E333-8FDC-42A3-9474-1A3956D46DE8}") = "ports", "ports", "{C6160852-DC11-4CC4-8A15-5A3728218728}"
EndProject
Project("{FAE04EC0-301F-11D3-BF4B-00C04F79EFBC}") = "SteamWebPipes", "samples\ports\SteamWebPipes\SteamWebPipes.csproj", "{A9179E3C-2DAC-4A36-A871-B018C48B3D4A}"
EndProject
Project("{FAE04EC0-301F-11D3-BF4B-00C04F79EFBC}") = "Steam.Community", "src\Common\Steam.Community\Steam.Community.csproj", "{816D8EA7-3686-45E4-A8A3-056C3294D052}"
EndProject
Global
	GlobalSection(SolutionConfigurationPlatforms) = preSolution
		Debug|Any CPU = Debug|Any CPU
		Release|Any CPU = Release|Any CPU
	EndGlobalSection
	GlobalSection(ProjectConfigurationPlatforms) = postSolution
		{0C2AE057-1FF0-4922-88FA-008A4A75E361}.Debug|Any CPU.ActiveCfg = Debug|Any CPU
		{0C2AE057-1FF0-4922-88FA-008A4A75E361}.Debug|Any CPU.Build.0 = Debug|Any CPU
		{0C2AE057-1FF0-4922-88FA-008A4A75E361}.Release|Any CPU.ActiveCfg = Release|Any CPU
		{0C2AE057-1FF0-4922-88FA-008A4A75E361}.Release|Any CPU.Build.0 = Release|Any CPU
		{462B1B95-B085-45A9-AD8D-A0F1403C9CCF}.Debug|Any CPU.ActiveCfg = Debug|Any CPU
		{462B1B95-B085-45A9-AD8D-A0F1403C9CCF}.Debug|Any CPU.Build.0 = Debug|Any CPU
		{462B1B95-B085-45A9-AD8D-A0F1403C9CCF}.Release|Any CPU.ActiveCfg = Release|Any CPU
		{462B1B95-B085-45A9-AD8D-A0F1403C9CCF}.Release|Any CPU.Build.0 = Release|Any CPU
		{F1722542-1248-44B8-BC8A-19E7DDF46769}.Debug|Any CPU.ActiveCfg = Debug|Any CPU
		{F1722542-1248-44B8-BC8A-19E7DDF46769}.Debug|Any CPU.Build.0 = Debug|Any CPU
		{F1722542-1248-44B8-BC8A-19E7DDF46769}.Release|Any CPU.ActiveCfg = Release|Any CPU
		{F1722542-1248-44B8-BC8A-19E7DDF46769}.Release|Any CPU.Build.0 = Release|Any CPU
		{9A0FCD01-7C22-46DB-BAD3-07A2D55B5A7E}.Debug|Any CPU.ActiveCfg = Debug|Any CPU
		{9A0FCD01-7C22-46DB-BAD3-07A2D55B5A7E}.Debug|Any CPU.Build.0 = Debug|Any CPU
		{9A0FCD01-7C22-46DB-BAD3-07A2D55B5A7E}.Release|Any CPU.ActiveCfg = Release|Any CPU
		{9A0FCD01-7C22-46DB-BAD3-07A2D55B5A7E}.Release|Any CPU.Build.0 = Release|Any CPU
		{614771D9-5E3B-4493-8DCD-BDB15AFD0827}.Debug|Any CPU.ActiveCfg = Debug|Any CPU
		{614771D9-5E3B-4493-8DCD-BDB15AFD0827}.Debug|Any CPU.Build.0 = Debug|Any CPU
		{614771D9-5E3B-4493-8DCD-BDB15AFD0827}.Release|Any CPU.ActiveCfg = Release|Any CPU
		{614771D9-5E3B-4493-8DCD-BDB15AFD0827}.Release|Any CPU.Build.0 = Release|Any CPU
		{83AEC2BF-6609-43C4-B10B-BCA666978230}.Debug|Any CPU.ActiveCfg = Debug|Any CPU
		{83AEC2BF-6609-43C4-B10B-BCA666978230}.Debug|Any CPU.Build.0 = Debug|Any CPU
		{83AEC2BF-6609-43C4-B10B-BCA666978230}.Release|Any CPU.ActiveCfg = Release|Any CPU
		{83AEC2BF-6609-43C4-B10B-BCA666978230}.Release|Any CPU.Build.0 = Release|Any CPU
		{F7C01E48-0AE9-4548-8F75-2FD3FDE3C260}.Debug|Any CPU.ActiveCfg = Debug|Any CPU
		{F7C01E48-0AE9-4548-8F75-2FD3FDE3C260}.Debug|Any CPU.Build.0 = Debug|Any CPU
		{F7C01E48-0AE9-4548-8F75-2FD3FDE3C260}.Release|Any CPU.ActiveCfg = Release|Any CPU
		{F7C01E48-0AE9-4548-8F75-2FD3FDE3C260}.Release|Any CPU.Build.0 = Release|Any CPU
		{9F33DB9D-4BA0-4F13-B8C3-C014AB079151}.Debug|Any CPU.ActiveCfg = Debug|Any CPU
		{9F33DB9D-4BA0-4F13-B8C3-C014AB079151}.Debug|Any CPU.Build.0 = Debug|Any CPU
		{9F33DB9D-4BA0-4F13-B8C3-C014AB079151}.Release|Any CPU.ActiveCfg = Release|Any CPU
		{9F33DB9D-4BA0-4F13-B8C3-C014AB079151}.Release|Any CPU.Build.0 = Release|Any CPU
		{A9179E3C-2DAC-4A36-A871-B018C48B3D4A}.Debug|Any CPU.ActiveCfg = Debug|Any CPU
		{A9179E3C-2DAC-4A36-A871-B018C48B3D4A}.Debug|Any CPU.Build.0 = Debug|Any CPU
		{A9179E3C-2DAC-4A36-A871-B018C48B3D4A}.Release|Any CPU.ActiveCfg = Release|Any CPU
		{A9179E3C-2DAC-4A36-A871-B018C48B3D4A}.Release|Any CPU.Build.0 = Release|Any CPU
		{816D8EA7-3686-45E4-A8A3-056C3294D052}.Debug|Any CPU.ActiveCfg = Debug|Any CPU
		{816D8EA7-3686-45E4-A8A3-056C3294D052}.Debug|Any CPU.Build.0 = Debug|Any CPU
		{816D8EA7-3686-45E4-A8A3-056C3294D052}.Release|Any CPU.ActiveCfg = Release|Any CPU
		{816D8EA7-3686-45E4-A8A3-056C3294D052}.Release|Any CPU.Build.0 = Release|Any CPU
	EndGlobalSection
	GlobalSection(SolutionProperties) = preSolution
		HideSolutionNode = FALSE
	EndGlobalSection
	GlobalSection(NestedProjects) = preSolution
		{66F4640B-962D-4519-8047-D3D6D93ECE86} = {C2F6E529-3EFA-4447-BF83-77D579354EFF}
		{C8412DD2-41D7-477E-BCA1-FFA7B5940469} = {C2F6E529-3EFA-4447-BF83-77D579354EFF}
		{5C3D3EAE-0C72-4BCB-89D3-4500BED5F2DE} = {C2F6E529-3EFA-4447-BF83-77D579354EFF}
		{8F5AF13F-CF20-4D0A-83FC-4D6E2CD64C97} = {C2F6E529-3EFA-4447-BF83-77D579354EFF}
		{0C2AE057-1FF0-4922-88FA-008A4A75E361} = {67E68591-4872-4561-91D4-4C8F5D084573}
		{462B1B95-B085-45A9-AD8D-A0F1403C9CCF} = {5C3D3EAE-0C72-4BCB-89D3-4500BED5F2DE}
		{F1722542-1248-44B8-BC8A-19E7DDF46769} = {8F5AF13F-CF20-4D0A-83FC-4D6E2CD64C97}
		{9A0FCD01-7C22-46DB-BAD3-07A2D55B5A7E} = {C8412DD2-41D7-477E-BCA1-FFA7B5940469}
		{614771D9-5E3B-4493-8DCD-BDB15AFD0827} = {66F4640B-962D-4519-8047-D3D6D93ECE86}
		{83AEC2BF-6609-43C4-B10B-BCA666978230} = {66F4640B-962D-4519-8047-D3D6D93ECE86}
		{F7C01E48-0AE9-4548-8F75-2FD3FDE3C260} = {66F4640B-962D-4519-8047-D3D6D93ECE86}
		{9F33DB9D-4BA0-4F13-B8C3-C014AB079151} = {5C3D3EAE-0C72-4BCB-89D3-4500BED5F2DE}
		{C6160852-DC11-4CC4-8A15-5A3728218728} = {F0E38538-DEF3-4670-909B-996DC844D400}
		{A9179E3C-2DAC-4A36-A871-B018C48B3D4A} = {C6160852-DC11-4CC4-8A15-5A3728218728}
		{816D8EA7-3686-45E4-A8A3-056C3294D052} = {66F4640B-962D-4519-8047-D3D6D93ECE86}
	EndGlobalSection
EndGlobal
